
Microsoft Visual Studio Solution File, Format Version 12.00
# Visual Studio Version 16
VisualStudioVersion = 16.0.30717.126
MinimumVisualStudioVersion = 10.0.40219.1
Project("{FAE04EC0-301F-11D3-BF4B-00C04F79EFBC}") = "TenyoTech.MealPreparationApi", "TenyoTech.MealPreparationApi\TenyoTech.MealPreparationApi.csproj", "{A27ACBB0-B874-4128-9E19-FCFC4D172BCB}"
EndProject
Global
	GlobalSection(SolutionConfigurationPlatforms) = preSolution
		Debug|Any CPU = Debug|Any CPU
		Release|Any CPU = Release|Any CPU
	EndGlobalSection
	GlobalSection(ProjectConfigurationPlatforms) = postSolution
		{A27ACBB0-B874-4128-9E19-FCFC4D172BCB}.Debug|Any CPU.ActiveCfg = Debug|Any CPU
		{A27ACBB0-B874-4128-9E19-FCFC4D172BCB}.Debug|Any CPU.Build.0 = Debug|Any CPU
		{A27ACBB0-B874-4128-9E19-FCFC4D172BCB}.Release|Any CPU.ActiveCfg = Release|Any CPU
		{A27ACBB0-B874-4128-9E19-FCFC4D172BCB}.Release|Any CPU.Build.0 = Release|Any CPU
	EndGlobalSection
	GlobalSection(SolutionProperties) = preSolution
		HideSolutionNode = FALSE
	EndGlobalSection
	GlobalSection(ExtensibilityGlobals) = postSolution
		SolutionGuid = {023BD921-547B-47DE-816E-C1063EEDACCF}
	EndGlobalSection
EndGlobal
